
Microsoft Visual Studio Solution File, Format Version 12.00
# Visual Studio Version 17
VisualStudioVersion = 17.6.33815.320
MinimumVisualStudioVersion = 10.0.40219.1
Project("{9A19103F-16F7-4668-BE54-9A1E7A4F7556}") = "CardImporter", "CardImporter\CardImporter.csproj", "{E28A9723-08C2-4A57-9ACD-E81DBC734290}"
EndProject
Project("{2150E333-8FDC-42A3-9474-1A3956D46DE8}") = "Solution Items", "Solution Items", "{531C918C-D8BB-4604-9E85-EAD4A7280022}"
	ProjectSection(SolutionItems) = preProject
		..\Design Plans.md = ..\Design Plans.md
	EndProjectSection
EndProject
Project("{FAE04EC0-301F-11D3-BF4B-00C04F79EFBC}") = "CardImporter.Swagger", "CardImporter.Swagger\CardImporter.Swagger.csproj", "{6D21DBD0-23A9-43FD-A2C2-CAC43BEF978D}"
EndProject
Global
	GlobalSection(SolutionConfigurationPlatforms) = preSolution
		Debug|Any CPU = Debug|Any CPU
		Release|Any CPU = Release|Any CPU
	EndGlobalSection
	GlobalSection(ProjectConfigurationPlatforms) = postSolution
		{E28A9723-08C2-4A57-9ACD-E81DBC734290}.Debug|Any CPU.ActiveCfg = Debug|Any CPU
		{E28A9723-08C2-4A57-9ACD-E81DBC734290}.Debug|Any CPU.Build.0 = Debug|Any CPU
		{E28A9723-08C2-4A57-9ACD-E81DBC734290}.Release|Any CPU.ActiveCfg = Release|Any CPU
		{E28A9723-08C2-4A57-9ACD-E81DBC734290}.Release|Any CPU.Build.0 = Release|Any CPU
		{6D21DBD0-23A9-43FD-A2C2-CAC43BEF978D}.Debug|Any CPU.ActiveCfg = Debug|Any CPU
		{6D21DBD0-23A9-43FD-A2C2-CAC43BEF978D}.Debug|Any CPU.Build.0 = Debug|Any CPU
		{6D21DBD0-23A9-43FD-A2C2-CAC43BEF978D}.Release|Any CPU.ActiveCfg = Release|Any CPU
		{6D21DBD0-23A9-43FD-A2C2-CAC43BEF978D}.Release|Any CPU.Build.0 = Release|Any CPU
	EndGlobalSection
	GlobalSection(SolutionProperties) = preSolution
		HideSolutionNode = FALSE
	EndGlobalSection
	GlobalSection(ExtensibilityGlobals) = postSolution
		SolutionGuid = {23C128AB-5BF6-4EDF-9BCF-664D3DE2AAF8}
	EndGlobalSection
EndGlobal
